
Microsoft Visual Studio Solution File, Format Version 12.00
# Visual Studio Version 17
VisualStudioVersion = 17.5.33424.131
MinimumVisualStudioVersion = 10.0.40219.1
Project("{FAE04EC0-301F-11D3-BF4B-00C04F79EFBC}") = "taylorşarkı", "taylorşarkı\taylorşarkı.csproj", "{9F92C69F-4DBC-4FD8-B162-0E715DA6204E}"
EndProject
Global
	GlobalSection(SolutionConfigurationPlatforms) = preSolution
		Debug|Any CPU = Debug|Any CPU
		Release|Any CPU = Release|Any CPU
	EndGlobalSection
	GlobalSection(ProjectConfigurationPlatforms) = postSolution
		{9F92C69F-4DBC-4FD8-B162-0E715DA6204E}.Debug|Any CPU.ActiveCfg = Debug|Any CPU
		{9F92C69F-4DBC-4FD8-B162-0E715DA6204E}.Debug|Any CPU.Build.0 = Debug|Any CPU
		{9F92C69F-4DBC-4FD8-B162-0E715DA6204E}.Release|Any CPU.ActiveCfg = Release|Any CPU
		{9F92C69F-4DBC-4FD8-B162-0E715DA6204E}.Release|Any CPU.Build.0 = Release|Any CPU
	EndGlobalSection
	GlobalSection(SolutionProperties) = preSolution
		HideSolutionNode = FALSE
	EndGlobalSection
	GlobalSection(ExtensibilityGlobals) = postSolution
		SolutionGuid = {A99ADD0A-3D8C-4650-870F-C67E691B745B}
	EndGlobalSection
EndGlobal
